
Microsoft Visual Studio Solution File, Format Version 12.00
# Visual Studio Version 16
VisualStudioVersion = 16.0.28803.202
MinimumVisualStudioVersion = 10.0.40219.1
Project("{FAE04EC0-301F-11D3-BF4B-00C04F79EFBC}") = "CSESoftware.RepositoryTestProject", "CSESoftware.RepositoryTestProject\CSESoftware.RepositoryTestProject.csproj", "{133E80D5-DC79-46BE-8573-AFA3CDC3322D}"
EndProject
Project("{FAE04EC0-301F-11D3-BF4B-00C04F79EFBC}") = "CSESoftware.Repository.EntityFramework", "CSESoftware.Repository.EntityFramework\CSESoftware.Repository.EntityFramework.csproj", "{47FE51C5-8ABC-4CFA-87FD-B1FEC7C4FB65}"
EndProject
Global
	GlobalSection(SolutionConfigurationPlatforms) = preSolution
		Debug|Any CPU = Debug|Any CPU
		Release|Any CPU = Release|Any CPU
	EndGlobalSection
	GlobalSection(ProjectConfigurationPlatforms) = postSolution
		{133E80D5-DC79-46BE-8573-AFA3CDC3322D}.Debug|Any CPU.ActiveCfg = Debug|Any CPU
		{133E80D5-DC79-46BE-8573-AFA3CDC3322D}.Debug|Any CPU.Build.0 = Debug|Any CPU
		{133E80D5-DC79-46BE-8573-AFA3CDC3322D}.Release|Any CPU.ActiveCfg = Release|Any CPU
		{133E80D5-DC79-46BE-8573-AFA3CDC3322D}.Release|Any CPU.Build.0 = Release|Any CPU
		{47FE51C5-8ABC-4CFA-87FD-B1FEC7C4FB65}.Debug|Any CPU.ActiveCfg = Debug|Any CPU
		{47FE51C5-8ABC-4CFA-87FD-B1FEC7C4FB65}.Debug|Any CPU.Build.0 = Debug|Any CPU
		{47FE51C5-8ABC-4CFA-87FD-B1FEC7C4FB65}.Release|Any CPU.ActiveCfg = Release|Any CPU
		{47FE51C5-8ABC-4CFA-87FD-B1FEC7C4FB65}.Release|Any CPU.Build.0 = Release|Any CPU
	EndGlobalSection
	GlobalSection(SolutionProperties) = preSolution
		HideSolutionNode = FALSE
	EndGlobalSection
	GlobalSection(ExtensibilityGlobals) = postSolution
		SolutionGuid = {2AD6B86B-C5F9-4B54-AD50-2182EC076F90}
	EndGlobalSection
EndGlobal
